
Microsoft Visual Studio Solution File, Format Version 11.00
# Visual C# Express 2010
Project("{FAE04EC0-301F-11D3-BF4B-00C04F79EFBC}") = "IOController", "IOController.csproj", "{A0FCEC6B-324E-44E4-8EA9-F1528091FD9F}"
EndProject
Global
	GlobalSection(SolutionConfigurationPlatforms) = preSolution
		Debug|Any CPU = Debug|Any CPU
		Debug|Mixed Platforms = Debug|Mixed Platforms
		Debug|x64 = Debug|x64
		Debug|x86 = Debug|x86
		Release|Any CPU = Release|Any CPU
		Release|Mixed Platforms = Release|Mixed Platforms
		Release|x64 = Release|x64
		Release|x86 = Release|x86
	EndGlobalSection
	GlobalSection(ProjectConfigurationPlatforms) = postSolution
		{A0FCEC6B-324E-44E4-8EA9-F1528091FD9F}.Debug|Any CPU.ActiveCfg = Debug|Any CPU
		{A0FCEC6B-324E-44E4-8EA9-F1528091FD9F}.Debug|Any CPU.Build.0 = Debug|Any CPU
		{A0FCEC6B-324E-44E4-8EA9-F1528091FD9F}.Debug|Mixed Platforms.ActiveCfg = Debug|x64
		{A0FCEC6B-324E-44E4-8EA9-F1528091FD9F}.Debug|Mixed Platforms.Build.0 = Debug|x64
		{A0FCEC6B-324E-44E4-8EA9-F1528091FD9F}.Debug|x64.ActiveCfg = Debug|x64
		{A0FCEC6B-324E-44E4-8EA9-F1528091FD9F}.Debug|x64.Build.0 = Debug|x64
		{A0FCEC6B-324E-44E4-8EA9-F1528091FD9F}.Debug|x86.ActiveCfg = Debug|x64
		{A0FCEC6B-324E-44E4-8EA9-F1528091FD9F}.Release|Any CPU.ActiveCfg = Release|Any CPU
		{A0FCEC6B-324E-44E4-8EA9-F1528091FD9F}.Release|Any CPU.Build.0 = Release|Any CPU
		{A0FCEC6B-324E-44E4-8EA9-F1528091FD9F}.Release|Mixed Platforms.ActiveCfg = Release|x64
		{A0FCEC6B-324E-44E4-8EA9-F1528091FD9F}.Release|Mixed Platforms.Build.0 = Release|x64
		{A0FCEC6B-324E-44E4-8EA9-F1528091FD9F}.Release|x64.ActiveCfg = Release|x64
		{A0FCEC6B-324E-44E4-8EA9-F1528091FD9F}.Release|x64.Build.0 = Release|x64
		{A0FCEC6B-324E-44E4-8EA9-F1528091FD9F}.Release|x86.ActiveCfg = Release|x64
	EndGlobalSection
	GlobalSection(SolutionProperties) = preSolution
		HideSolutionNode = FALSE
	EndGlobalSection
EndGlobal
